
Microsoft Visual Studio Solution File, Format Version 12.00
# Visual Studio Version 16
VisualStudioVersion = 16.0.31911.196
MinimumVisualStudioVersion = 10.0.40219.1
Project("{FAE04EC0-301F-11D3-BF4B-00C04F79EFBC}") = "WebApplication2", "WebApplication2\WebApplication2.csproj", "{CCF09EC6-DBEF-41C3-9DA3-7338AB8CF2C6}"
EndProject
Global
	GlobalSection(SolutionConfigurationPlatforms) = preSolution
		Debug|Any CPU = Debug|Any CPU
		Release|Any CPU = Release|Any CPU
	EndGlobalSection
	GlobalSection(ProjectConfigurationPlatforms) = postSolution
		{CCF09EC6-DBEF-41C3-9DA3-7338AB8CF2C6}.Debug|Any CPU.ActiveCfg = Debug|Any CPU
		{CCF09EC6-DBEF-41C3-9DA3-7338AB8CF2C6}.Debug|Any CPU.Build.0 = Debug|Any CPU
		{CCF09EC6-DBEF-41C3-9DA3-7338AB8CF2C6}.Release|Any CPU.ActiveCfg = Release|Any CPU
		{CCF09EC6-DBEF-41C3-9DA3-7338AB8CF2C6}.Release|Any CPU.Build.0 = Release|Any CPU
	EndGlobalSection
	GlobalSection(SolutionProperties) = preSolution
		HideSolutionNode = FALSE
	EndGlobalSection
	GlobalSection(ExtensibilityGlobals) = postSolution
		SolutionGuid = {5735D11C-32F6-4316-8138-8CA1CD279214}
	EndGlobalSection
EndGlobal
